// !$*UTF8*$!
{
	archiveVersion = 1;
	classes = {
	};
	objectVersion = 55;
	objects = {

/* Begin PBXBuildFile section */
		A1F612832848B8F90056A0A7 /* AppDelegate.m in Sources */ = {isa = PBXBuildFile; fileRef = A1F612822848B8F90056A0A7 /* AppDelegate.m */; };
		A1F612862848B8F90056A0A7 /* SceneDelegate.m in Sources */ = {isa = PBXBuildFile; fileRef = A1F612852848B8F90056A0A7 /* SceneDelegate.m */; };
		A1F612892848B8F90056A0A7 /* ViewController.m in Sources */ = {isa = PBXBuildFile; fileRef = A1F612882848B8F90056A0A7 /* ViewController.m */; };
		A1F6128C2848B8F90056A0A7 /* Main.storyboard in Resources */ = {isa = PBXBuildFile; fileRef = A1F6128A2848B8F90056A0A7 /* Main.storyboard */; };
		A1F6128E2848B8FC0056A0A7 /* Assets.xcassets in Resources */ = {isa = PBXBuildFile; fileRef = A1F6128D2848B8FC0056A0A7 /* Assets.xcassets */; };
		A1F612912848B8FC0056A0A7 /* LaunchScreen.storyboard in Resources */ = {isa = PBXBuildFile; fileRef = A1F6128F2848B8FC0056A0A7 /* LaunchScreen.storyboard */; };
		A1F612942848B8FC0056A0A7 /* main.m in Sources */ = {isa = PBXBuildFile; fileRef = A1F612932848B8FC0056A0A7 /* main.m */; };
		A1F612A22848B9110056A0A7 /* Presentation.m in Sources */ = {isa = PBXBuildFile; fileRef = A1F6129C2848B9110056A0A7 /* Presentation.m */; };
		A1F612A32848B9110056A0A7 /* UIViewController+presentable.m in Sources */ = {isa = PBXBuildFile; fileRef = A1F6129D2848B9110056A0A7 /* UIViewController+presentable.m */; };
		A1F612A42848B9110056A0A7 /* DimmingView.m in Sources */ = {isa = PBXBuildFile; fileRef = A1F6129F2848B9110056A0A7 /* DimmingView.m */; };
		A1F612A72848B9300056A0A7 /* SecondViewController.m in Sources */ = {isa = PBXBuildFile; fileRef = A1F612A62848B9300056A0A7 /* SecondViewController.m */; };
/* End PBXBuildFile section */

/* Begin PBXFileReference section */
		A1F6127E2848B8F90056A0A7 /* PresentKitDemo.app */ = {isa = PBXFileReference; explicitFileType = wrapper.application; includeInIndex = 0; path = PresentKitDemo.app; sourceTree = BUILT_PRODUCTS_DIR; };
		A1F612812848B8F90056A0A7 /* AppDelegate.h */ = {isa = PBXFileReference; lastKnownFileType = sourcecode.c.h; path = AppDelegate.h; sourceTree = "<group>"; };
		A1F612822848B8F90056A0A7 /* AppDelegate.m */ = {isa = PBXFileReference; lastKnownFileType = sourcecode.c.objc; path = AppDelegate.m; sourceTree = "<group>"; };
		A1F612842848B8F90056A0A7 /* SceneDelegate.h */ = {isa = PBXFileReference; lastKnownFileType = sourcecode.c.h; path = SceneDelegate.h; sourceTree = "<group>"; };
		A1F612852848B8F90056A0A7 /* SceneDelegate.m */ = {isa = PBXFileReference; lastKnownFileType = sourcecode.c.objc; path = SceneDelegate.m; sourceTree = "<group>"; };
		A1F612872848B8F90056A0A7 /* ViewController.h */ = {isa = PBXFileReference; lastKnownFileType = sourcecode.c.h; path = ViewController.h; sourceTree = "<group>"; };
		A1F612882848B8F90056A0A7 /* ViewController.m */ = {isa = PBXFileReference; lastKnownFileType = sourcecode.c.objc; path = ViewController.m; sourceTree = "<group>"; };
		A1F6128B2848B8F90056A0A7 /* Base */ = {isa = PBXFileReference; lastKnownFileType = file.storyboard; name = Base; path = Base.lproj/Main.storyboard; sourceTree = "<group>"; };
		A1F6128D2848B8FC0056A0A7 /* Assets.xcassets */ = {isa = PBXFileReference; lastKnownFileType = folder.assetcatalog; path = Assets.xcassets; sourceTree = "<group>"; };
		A1F612902848B8FC0056A0A7 /* Base */ = {isa = PBXFileReference; lastKnownFileType = file.storyboard; name = Base; path = Base.lproj/LaunchScreen.storyboard; sourceTree = "<group>"; };
		A1F612922848B8FC0056A0A7 /* Info.plist */ = {isa = PBXFileReference; lastKnownFileType = text.plist.xml; path = Info.plist; sourceTree = "<group>"; };
		A1F612932848B8FC0056A0A7 /* main.m */ = {isa = PBXFileReference; lastKnownFileType = sourcecode.c.objc; path = main.m; sourceTree = "<group>"; };
		A1F6129B2848B9110056A0A7 /* DimmingView.h */ = {isa = PBXFileReference; fileEncoding = 4; lastKnownFileType = sourcecode.c.h; path = DimmingView.h; sourceTree = "<group>"; };
		A1F6129C2848B9110056A0A7 /* Presentation.m */ = {isa = PBXFileReference; fileEncoding = 4; lastKnownFileType = sourcecode.c.objc; path = Presentation.m; sourceTree = "<group>"; };
		A1F6129D2848B9110056A0A7 /* UIViewController+presentable.m */ = {isa = PBXFileReference; fileEncoding = 4; lastKnownFileType = sourcecode.c.objc; path = "UIViewController+presentable.m"; sourceTree = "<group>"; };
		A1F6129E2848B9110056A0A7 /* Presentation.h */ = {isa = PBXFileReference; fileEncoding = 4; lastKnownFileType = sourcecode.c.h; path = Presentation.h; sourceTree = "<group>"; };
		A1F6129F2848B9110056A0A7 /* DimmingView.m */ = {isa = PBXFileReference; fileEncoding = 4; lastKnownFileType = sourcecode.c.objc; path = DimmingView.m; sourceTree = "<group>"; };
		A1F612A02848B9110056A0A7 /* UIViewController+presentable.h */ = {isa = PBXFileReference; fileEncoding = 4; lastKnownFileType = sourcecode.c.h; path = "UIViewController+presentable.h"; sourceTree = "<group>"; };
		A1F612A12848B9110056A0A7 /* PresentationDelegate.h */ = {isa = PBXFileReference; fileEncoding = 4; lastKnownFileType = sourcecode.c.h; path = PresentationDelegate.h; sourceTree = "<group>"; };
		A1F612A52848B9300056A0A7 /* SecondViewController.h */ = {isa = PBXFileReference; fileEncoding = 4; lastKnownFileType = sourcecode.c.h; path = SecondViewController.h; sourceTree = "<group>"; };
		A1F612A62848B9300056A0A7 /* SecondViewController.m */ = {isa = PBXFileReference; fileEncoding = 4; lastKnownFileType = sourcecode.c.objc; path = SecondViewController.m; sourceTree = "<group>"; };
/* End PBXFileReference section */

/* Begin PBXFrameworksBuildPhase section */
		A1F6127B2848B8F90056A0A7 /* Frameworks */ = {
			isa = PBXFrameworksBuildPhase;
			buildActionMask = 2147483647;
			files = (
			);
			runOnlyForDeploymentPostprocessing = 0;
		};
/* End PBXFrameworksBuildPhase section */

/* Begin PBXGroup section */
		A1F612752848B8F90056A0A7 = {
			isa = PBXGroup;
			children = (
				A1F612802848B8F90056A0A7 /* PresentKitDemo */,
				A1F6127F2848B8F90056A0A7 /* Products */,
			);
			sourceTree = "<group>";
		};
		A1F6127F2848B8F90056A0A7 /* Products */ = {
			isa = PBXGroup;
			children = (
				A1F6127E2848B8F90056A0A7 /* PresentKitDemo.app */,
			);
			name = Products;
			sourceTree = "<group>";
		};
		A1F612802848B8F90056A0A7 /* PresentKitDemo */ = {
			isa = PBXGroup;
			children = (
				A1F6129A2848B9110056A0A7 /* PresentKit */,
				A1F612812848B8F90056A0A7 /* AppDelegate.h */,
				A1F612822848B8F90056A0A7 /* AppDelegate.m */,
				A1F612842848B8F90056A0A7 /* SceneDelegate.h */,
				A1F612852848B8F90056A0A7 /* SceneDelegate.m */,
				A1F612872848B8F90056A0A7 /* ViewController.h */,
				A1F612882848B8F90056A0A7 /* ViewController.m */,
				A1F612A52848B9300056A0A7 /* SecondViewController.h */,
				A1F612A62848B9300056A0A7 /* SecondViewController.m */,
				A1F6128A2848B8F90056A0A7 /* Main.storyboard */,
				A1F6128D2848B8FC0056A0A7 /* Assets.xcassets */,
				A1F6128F2848B8FC0056A0A7 /* LaunchScreen.storyboard */,
				A1F612922848B8FC0056A0A7 /* Info.plist */,
				A1F612932848B8FC0056A0A7 /* main.m */,
			);
			path = PresentKitDemo;
			sourceTree = "<group>";
		};
		A1F6129A2848B9110056A0A7 /* PresentKit */ = {
			isa = PBXGroup;
			children = (
				A1F6129B2848B9110056A0A7 /* DimmingView.h */,
				A1F6129C2848B9110056A0A7 /* Presentation.m */,
				A1F6129D2848B9110056A0A7 /* UIViewController+presentable.m */,
				A1F6129E2848B9110056A0A7 /* Presentation.h */,
				A1F6129F2848B9110056A0A7 /* DimmingView.m */,
				A1F612A02848B9110056A0A7 /* UIViewController+presentable.h */,
				A1F612A12848B9110056A0A7 /* PresentationDelegate.h */,
			);
			path = PresentKit;
			sourceTree = "<group>";
		};
/* End PBXGroup section */

/* Begin PBXNativeTarget section */
		A1F6127D2848B8F90056A0A7 /* PresentKitDemo */ = {
			isa = PBXNativeTarget;
			buildConfigurationList = A1F612972848B8FC0056A0A7 /* Build configuration list for PBXNativeTarget "PresentKitDemo" */;
			buildPhases = (
				A1F6127A2848B8F90056A0A7 /* Sources */,
				A1F6127B2848B8F90056A0A7 /* Frameworks */,
				A1F6127C2848B8F90056A0A7 /* Resources */,
			);
			buildRules = (
			);
			dependencies = (
			);
			name = PresentKitDemo;
			productName = PresentKitDemo;
			productReference = A1F6127E2848B8F90056A0A7 /* PresentKitDemo.app */;
			productType = "com.apple.product-type.application";
		};
/* End PBXNativeTarget section */

/* Begin PBXProject section */
		A1F612762848B8F90056A0A7 /* Project object */ = {
			isa = PBXProject;
			attributes = {
				BuildIndependentTargetsInParallel = 1;
				LastUpgradeCheck = 1330;
				TargetAttributes = {
					A1F6127D2848B8F90056A0A7 = {
						CreatedOnToolsVersion = 13.3.1;
					};
				};
			};
			buildConfigurationList = A1F612792848B8F90056A0A7 /* Build configuration list for PBXProject "PresentKitDemo" */;
			compatibilityVersion = "Xcode 13.0";
			developmentRegion = en;
			hasScannedForEncodings = 0;
			knownRegions = (
				en,
				Base,
			);
			mainGroup = A1F612752848B8F90056A0A7;
			productRefGroup = A1F6127F2848B8F90056A0A7 /* Products */;
			projectDirPath = "";
			projectRoot = "";
			targets = (
				A1F6127D2848B8F90056A0A7 /* PresentKitDemo */,
			);
		};
/* End PBXProject section */

/* Begin PBXResourcesBuildPhase section */
		A1F6127C2848B8F90056A0A7 /* Resources */ = {
			isa = PBXResourcesBuildPhase;
			buildActionMask = 2147483647;
			files = (
				A1F612912848B8FC0056A0A7 /* LaunchScreen.storyboard in Resources */,
				A1F6128E2848B8FC0056A0A7 /* Assets.xcassets in Resources */,
				A1F6128C2848B8F90056A0A7 /* Main.storyboard in Resources */,
			);
			runOnlyForDeploymentPostprocessing = 0;
		};
/* End PBXResourcesBuildPhase section */

/* Begin PBXSourcesBuildPhase section */
		A1F6127A2848B8F90056A0A7 /* Sources */ = {
			isa = PBXSourcesBuildPhase;
			buildActionMask = 2147483647;
			files = (
				A1F612892848B8F90056A0A7 /* ViewController.m in Sources */,
				A1F612832848B8F90056A0A7 /* AppDelegate.m in Sources */,
				A1F612A32848B9110056A0A7 /* UIViewController+presentable.m in Sources */,
				A1F612A42848B9110056A0A7 /* DimmingView.m in Sources */,
				A1F612A72848B9300056A0A7 /* SecondViewController.m in Sources */,
				A1F612942848B8FC0056A0A7 /* main.m in Sources */,
				A1F612862848B8F90056A0A7 /* SceneDelegate.m in Sources */,
				A1F612A22848B9110056A0A7 /* Presentation.m in Sources */,
			);
			runOnlyForDeploymentPostprocessing = 0;
		};
/* End PBXSourcesBuildPhase section */

/* Begin PBXVariantGroup section */
		A1F6128A2848B8F90056A0A7 /* Main.storyboard */ = {
			isa = PBXVariantGroup;
			children = (
				A1F6128B2848B8F90056A0A7 /* Base */,
			);
			name = Main.storyboard;
			sourceTree = "<group>";
		};
		A1F6128F2848B8FC0056A0A7 /* LaunchScreen.storyboard */ = {
			isa = PBXVariantGroup;
			children = (
				A1F612902848B8FC0056A0A7 /* Base */,
			);
			name = LaunchScreen.storyboard;
			sourceTree = "<group>";
		};
/* End PBXVariantGroup section */

/* Begin XCBuildConfiguration section */
		A1F612952848B8FC0056A0A7 /* Debug */ = {
			isa = XCBuildConfiguration;
			buildSettings = {
				ALWAYS_SEARCH_USER_PATHS = NO;
				CLANG_ANALYZER_NONNULL = YES;
				CLANG_ANALYZER_NUMBER_OBJECT_CONVERSION = YES_AGGRESSIVE;
				CLANG_CXX_LANGUAGE_STANDARD = "gnu++17";
				CLANG_ENABLE_MODULES = YES;
				CLANG_ENABLE_OBJC_ARC = YES;
				CLANG_ENABLE_OBJC_WEAK = YES;
				CLANG_WARN_BLOCK_CAPTURE_AUTORELEASING = YES;
				CLANG_WARN_BOOL_CONVERSION = YES;
				CLANG_WARN_COMMA = YES;
				CLANG_WARN_CONSTANT_CONVERSION = YES;
				CLANG_WARN_DEPRECATED_OBJC_IMPLEMENTATIONS = YES;
				CLANG_WARN_DIRECT_OBJC_ISA_USAGE = YES_ERROR;
				CLANG_WARN_DOCUMENTATION_COMMENTS = YES;
				CLANG_WARN_EMPTY_BODY = YES;
				CLANG_WARN_ENUM_CONVERSION = YES;
				CLANG_WARN_INFINITE_RECURSION = YES;
				CLANG_WARN_INT_CONVERSION = YES;
				CLANG_WARN_NON_LITERAL_NULL_CONVERSION = YES;
				CLANG_WARN_OBJC_IMPLICIT_RETAIN_SELF = YES;
				CLANG_WARN_OBJC_LITERAL_CONVERSION = YES;
				CLANG_WARN_OBJC_ROOT_CLASS = YES_ERROR;
				CLANG_WARN_QUOTED_INCLUDE_IN_FRAMEWORK_HEADER = YES;
				CLANG_WARN_RANGE_LOOP_ANALYSIS = YES;
				CLANG_WARN_STRICT_PROTOTYPES = YES;
				CLANG_WARN_SUSPICIOUS_MOVE = YES;
				CLANG_WARN_UNGUARDED_AVAILABILITY = YES_AGGRESSIVE;
				CLANG_WARN_UNREACHABLE_CODE = YES;
				CLANG_WARN__DUPLICATE_METHOD_MATCH = YES;
				COPY_PHASE_STRIP = NO;
				DEBUG_INFORMATION_FORMAT = dwarf;
				ENABLE_STRICT_OBJC_MSGSEND = YES;
				ENABLE_TESTABILITY = YES;
				GCC_C_LANGUAGE_STANDARD = gnu11;
				GCC_DYNAMIC_NO_PIC = NO;
				GCC_NO_COMMON_BLOCKS = YES;
				GCC_OPTIMIZATION_LEVEL = 0;
				GCC_PREPROCESSOR_DEFINITIONS = (
					"DEBUG=1",
					"$(inherited)",
				);
				GCC_WARN_64_TO_32_BIT_CONVERSION = YES;
				GCC_WARN_ABOUT_RETURN_TYPE = YES_ERROR;
				GCC_WARN_UNDECLARED_SELECTOR = YES;
				GCC_WARN_UNINITIALIZED_AUTOS = YES_AGGRESSIVE;
				GCC_WARN_UNUSED_FUNCTION = YES;
				GCC_WARN_UNUSED_VARIABLE = YES;
				IPHONEOS_DEPLOYMENT_TARGET = 15.4;
				MTL_ENABLE_DEBUG_INFO = INCLUDE_SOURCE;
				MTL_FAST_MATH = YES;
				ONLY_ACTIVE_ARCH = YES;
				SDKROOT = iphoneos;
			};
			name = Debug;
		};
		A1F612962848B8FC0056A0A7 /* Release */ = {
			isa = XCBuildConfiguration;
			buildSettings = {
				ALWAYS_SEARCH_USER_PATHS = NO;
				CLANG_ANALYZER_NONNULL = YES;
				CLANG_ANALYZER_NUMBER_OBJECT_CONVERSION = YES_AGGRESSIVE;
				CLANG_CXX_LANGUAGE_STANDARD = "gnu++17";
				CLANG_ENABLE_MODULES = YES;
				CLANG_ENABLE_OBJC_ARC = YES;
				CLANG_ENABLE_OBJC_WEAK = YES;
				CLANG_WARN_BLOCK_CAPTURE_AUTORELEASING = YES;
				CLANG_WARN_BOOL_CONVERSION = YES;
				CLANG_WARN_COMMA = YES;
				CLANG_WARN_CONSTANT_CONVERSION = YES;
				CLANG_WARN_DEPRECATED_OBJC_IMPLEMENTATIONS = YES;
				CLANG_WARN_DIRECT_OBJC_ISA_USAGE = YES_ERROR;
				CLANG_WARN_DOCUMENTATION_COMMENTS = YES;
				CLANG_WARN_EMPTY_BODY = YES;
				CLANG_WARN_ENUM_CONVERSION = YES;
				CLANG_WARN_INFINITE_RECURSION = YES;
				CLANG_WARN_INT_CONVERSION = YES;
				CLANG_WARN_NON_LITERAL_NULL_CONVERSION = YES;
				CLANG_WARN_OBJC_IMPLICIT_RETAIN_SELF = YES;
				CLANG_WARN_OBJC_LITERAL_CONVERSION = YES;
				CLANG_WARN_OBJC_ROOT_CLASS = YES_ERROR;
				CLANG_WARN_QUOTED_INCLUDE_IN_FRAMEWORK_HEADER = YES;
				CLANG_WARN_RANGE_LOOP_ANALYSIS = YES;
				CLANG_WARN_STRICT_PROTOTYPES = YES;
				CLANG_WARN_SUSPICIOUS_MOVE = YES;
				CLANG_WARN_UNGUARDED_AVAILABILITY = YES_AGGRESSIVE;
				CLANG_WARN_UNREACHABLE_CODE = YES;
				CLANG_WARN__DUPLICATE_METHOD_MATCH = YES;
				COPY_PHASE_STRIP = NO;
				DEBUG_INFORMATION_FORMAT = "dwarf-with-dsym";
				ENABLE_NS_ASSERTIONS = NO;
				ENABLE_STRICT_OBJC_MSGSEND = YES;
				GCC_C_LANGUAGE_STANDARD = gnu11;
				GCC_NO_COMMON_BLOCKS = YES;
				GCC_WARN_64_TO_32_BIT_CONVERSION = YES;
				GCC_WARN_ABOUT_RETURN_TYPE = YES_ERROR;
				GCC_WARN_UNDECLARED_SELECTOR = YES;
				GCC_WARN_UNINITIALIZED_AUTOS = YES_AGGRESSIVE;
				GCC_WARN_UNUSED_FUNCTION = YES;
				GCC_WARN_UNUSED_VARIABLE = YES;
				IPHONEOS_DEPLOYMENT_TARGET = 15.4;
				MTL_ENABLE_DEBUG_INFO = NO;
				MTL_FAST_MATH = YES;
				SDKROOT = iphoneos;
				VALIDATE_PRODUCT = YES;
			};
			name = Release;
		};
		A1F612982848B8FC0056A0A7 /* Debug */ = {
			isa = XCBuildConfiguration;
			buildSettings = {
				ASSETCATALOG_COMPILER_APPICON_NAME = AppIcon;
				ASSETCATALOG_COMPILER_GLOBAL_ACCENT_COLOR_NAME = AccentColor;
				CODE_SIGN_STYLE = Automatic;
				CURRENT_PROJECT_VERSION = 1;
				GENERATE_INFOPLIST_FILE = YES;
				INFOPLIST_FILE = PresentKitDemo/Info.plist;
				INFOPLIST_KEY_UIApplicationSupportsIndirectInputEvents = YES;
				INFOPLIST_KEY_UILaunchStoryboardName = LaunchScreen;
				INFOPLIST_KEY_UIMainStoryboardFile = Main;
				INFOPLIST_KEY_UISupportedInterfaceOrientations_iPad = "UIInterfaceOrientationPortrait UIInterfaceOrientationPortraitUpsideDown UIInterfaceOrientationLandscapeLeft UIInterfaceOrientationLandscapeRight";
				INFOPLIST_KEY_UISupportedInterfaceOrientations_iPhone = "UIInterfaceOrientationPortrait UIInterfaceOrientationLandscapeLeft UIInterfaceOrientationLandscapeRight";
				LD_RUNPATH_SEARCH_PATHS = (
					"$(inherited)",
					"@executable_path/Frameworks",
				);
				MARKETING_VERSION = 1.0;
				PRODUCT_BUNDLE_IDENTIFIER = com.sample.PresentKitDemo;
				PRODUCT_NAME = "$(TARGET_NAME)";
				SWIFT_EMIT_LOC_STRINGS = YES;
				TARGETED_DEVICE_FAMILY = "1,2";
			};
			name = Debug;
		};
		A1F612992848B8FC0056A0A7 /* Release */ = {
			isa = XCBuildConfiguration;
			buildSettings = {
				ASSETCATALOG_COMPILER_APPICON_NAME = AppIcon;
				ASSETCATALOG_COMPILER_GLOBAL_ACCENT_COLOR_NAME = AccentColor;
				CODE_SIGN_STYLE = Automatic;
				CURRENT_PROJECT_VERSION = 1;
				GENERATE_INFOPLIST_FILE = YES;
				INFOPLIST_FILE = PresentKitDemo/Info.plist;
				INFOPLIST_KEY_UIApplicationSupportsIndirectInputEvents = YES;
				INFOPLIST_KEY_UILaunchStoryboardName = LaunchScreen;
				INFOPLIST_KEY_UIMainStoryboardFile = Main;
				INFOPLIST_KEY_UISupportedInterfaceOrientations_iPad = "UIInterfaceOrientationPortrait UIInterfaceOrientationPortraitUpsideDown UIInterfaceOrientationLandscapeLeft UIInterfaceOrientationLandscapeRight";
				INFOPLIST_KEY_UISupportedInterfaceOrientations_iPhone = "UIInterfaceOrientationPortrait UIInterfaceOrientationLandscapeLeft UIInterfaceOrientationLandscapeRight";
				LD_RUNPATH_SEARCH_PATHS = (
					"$(inherited)",
					"@executable_path/Frameworks",
				);
				MARKETING_VERSION = 1.0;
				PRODUCT_BUNDLE_IDENTIFIER = com.sample.PresentKitDemo;
				PRODUCT_NAME = "$(TARGET_NAME)";
				SWIFT_EMIT_LOC_STRINGS = YES;
				TARGETED_DEVICE_FAMILY = "1,2";
			};
			name = Release;
		};
/* End XCBuildConfiguration section */

/* Begin XCConfigurationList section */
		A1F612792848B8F90056A0A7 /* Build configuration list for PBXProject "PresentKitDemo" */ = {
			isa = XCConfigurationList;
			buildConfigurations = (
				A1F612952848B8FC0056A0A7 /* Debug */,
				A1F612962848B8FC0056A0A7 /* Release */,
			);
			defaultConfigurationIsVisible = 0;
			defaultConfigurationName = Release;
		};
		A1F612972848B8FC0056A0A7 /* Build configuration list for PBXNativeTarget "PresentKitDemo" */ = {
			isa = XCConfigurationList;
			buildConfigurations = (
				A1F612982848B8FC0056A0A7 /* Debug */,
				A1F612992848B8FC0056A0A7 /* Release */,
			);
			defaultConfigurationIsVisible = 0;
			defaultConfigurationName = Release;
		};
/* End XCConfigurationList section */
	};
	rootObject = A1F612762848B8F90056A0A7 /* Project object */;
}
